
Microsoft Visual Studio Solution File, Format Version 11.00
# Visual Studio 2010
Project("{FAE04EC0-301F-11D3-BF4B-00C04F79EFBC}") = "UnityEngine.UI", "UnityEngine.UI.csproj", "{DADCE258-CAE0-1DFC-7359-75B4183CBD2B}"
EndProject
Project("{FAE04EC0-301F-11D3-BF4B-00C04F79EFBC}") = "Assembly-CSharp", "Assembly-CSharp.csproj", "{C8DD5565-22FD-FE48-27F9-9B879ADEEED6}"
EndProject
Project("{FAE04EC0-301F-11D3-BF4B-00C04F79EFBC}") = "Unity.2D.Sprite.Editor", "Unity.2D.Sprite.Editor.csproj", "{AD3764FE-2AEB-6C8E-493A-28552591C188}"
EndProject
Project("{FAE04EC0-301F-11D3-BF4B-00C04F79EFBC}") = "UnityEditor.UI", "UnityEditor.UI.csproj", "{52188ABE-91A0-3728-85A3-C75563F15C6F}"
EndProject
Project("{FAE04EC0-301F-11D3-BF4B-00C04F79EFBC}") = "Unity.2D.Tilemap.Editor", "Unity.2D.Tilemap.Editor.csproj", "{559C4DF3-2133-B3B0-C563-B8B0BAA7E766}"
EndProject
Global
	GlobalSection(SolutionConfigurationPlatforms) = preSolution
		Debug|Any CPU = Debug|Any CPU
		Release|Any CPU = Release|Any CPU
	EndGlobalSection
	GlobalSection(ProjectConfigurationPlatforms) = postSolution
		{DADCE258-CAE0-1DFC-7359-75B4183CBD2B}.Debug|Any CPU.ActiveCfg = Debug|Any CPU
		{DADCE258-CAE0-1DFC-7359-75B4183CBD2B}.Debug|Any CPU.Build.0 = Debug|Any CPU
		{DADCE258-CAE0-1DFC-7359-75B4183CBD2B}.Release|Any CPU.ActiveCfg = Release|Any CPU
		{DADCE258-CAE0-1DFC-7359-75B4183CBD2B}.Release|Any CPU.Build.0 = Release|Any CPU
		{C8DD5565-22FD-FE48-27F9-9B879ADEEED6}.Debug|Any CPU.ActiveCfg = Debug|Any CPU
		{C8DD5565-22FD-FE48-27F9-9B879ADEEED6}.Debug|Any CPU.Build.0 = Debug|Any CPU
		{C8DD5565-22FD-FE48-27F9-9B879ADEEED6}.Release|Any CPU.ActiveCfg = Release|Any CPU
		{C8DD5565-22FD-FE48-27F9-9B879ADEEED6}.Release|Any CPU.Build.0 = Release|Any CPU
		{AD3764FE-2AEB-6C8E-493A-28552591C188}.Debug|Any CPU.ActiveCfg = Debug|Any CPU
		{AD3764FE-2AEB-6C8E-493A-28552591C188}.Debug|Any CPU.Build.0 = Debug|Any CPU
		{AD3764FE-2AEB-6C8E-493A-28552591C188}.Release|Any CPU.ActiveCfg = Release|Any CPU
		{AD3764FE-2AEB-6C8E-493A-28552591C188}.Release|Any CPU.Build.0 = Release|Any CPU
		{52188ABE-91A0-3728-85A3-C75563F15C6F}.Debug|Any CPU.ActiveCfg = Debug|Any CPU
		{52188ABE-91A0-3728-85A3-C75563F15C6F}.Debug|Any CPU.Build.0 = Debug|Any CPU
		{52188ABE-91A0-3728-85A3-C75563F15C6F}.Release|Any CPU.ActiveCfg = Release|Any CPU
		{52188ABE-91A0-3728-85A3-C75563F15C6F}.Release|Any CPU.Build.0 = Release|Any CPU
		{559C4DF3-2133-B3B0-C563-B8B0BAA7E766}.Debug|Any CPU.ActiveCfg = Debug|Any CPU
		{559C4DF3-2133-B3B0-C563-B8B0BAA7E766}.Debug|Any CPU.Build.0 = Debug|Any CPU
		{559C4DF3-2133-B3B0-C563-B8B0BAA7E766}.Release|Any CPU.ActiveCfg = Release|Any CPU
		{559C4DF3-2133-B3B0-C563-B8B0BAA7E766}.Release|Any CPU.Build.0 = Release|Any CPU
	EndGlobalSection
	GlobalSection(SolutionProperties) = preSolution
		HideSolutionNode = FALSE
	EndGlobalSection
EndGlobal
